# THIS IS AN AUTOGENERATED FILE. DO NOT EDIT THIS FILE DIRECTLY.
# yarn lockfile v1


"@babel/runtime@^7.13.10":
  version "7.15.4"
  resolved "https://registry.yarnpkg.com/@babel/runtime/-/runtime-7.15.4.tgz#fd17d16bfdf878e6dd02d19753a39fa8a8d9c84a"
  integrity sha512-99catp6bHCaxr4sJ/DbTGgHS4+Rs2RVd2g7iOap6SLGPDknRK9ztKNsE/Fg6QhSeh1FGE5f6gHGQmvvn3I3xhw==
  dependencies:
    regenerator-runtime "^0.13.4"

"@emotion/cache@^11.4.0":
  version "11.4.0"
  resolved "https://registry.yarnpkg.com/@emotion/cache/-/cache-11.4.0.tgz#293fc9d9a7a38b9aad8e9337e5014366c3b09ac0"
  integrity sha512-Zx70bjE7LErRO9OaZrhf22Qye1y4F7iDl+ITjet0J+i+B88PrAOBkKvaAWhxsZf72tDLajwCgfCjJ2dvH77C3g==
  dependencies:
    "@emotion/memoize" "^0.7.4"
    "@emotion/sheet" "^1.0.0"
    "@emotion/utils" "^1.0.0"
    "@emotion/weak-memoize" "^0.2.5"
    stylis "^4.0.3"

"@emotion/hash@^0.8.0":
  version "0.8.0"
  resolved "https://registry.yarnpkg.com/@emotion/hash/-/hash-0.8.0.tgz#bbbff68978fefdbe68ccb533bc8cbe1d1afb5413"
  integrity sha512-kBJtf7PH6aWwZ6fka3zQ0p6SBYzx4fl1LoZXE2RrnYST9Xljm7WfKJrU4g/Xr3Beg72MLrp1AWNUmuYJTL7Cow==

"@emotion/memoize@^0.7.4":
  version "0.7.5"
  resolved "https://registry.yarnpkg.com/@emotion/memoize/-/memoize-0.7.5.tgz#2c40f81449a4e554e9fc6396910ed4843ec2be50"
  integrity sha512-igX9a37DR2ZPGYtV6suZ6whr8pTFtyHL3K/oLUotxpSVO2ASaprmAe2Dkq7tBo7CRY7MMDrAa9nuQP9/YG8FxQ==

"@emotion/react@^11.4.1":
  version "11.4.1"
  resolved "https://registry.yarnpkg.com/@emotion/react/-/react-11.4.1.tgz#a1b0b767b5bad57515ffb0cad9349614d27f4d57"
  integrity sha512-pRegcsuGYj4FCdZN6j5vqCALkNytdrKw3TZMekTzNXixRg4wkLsU5QEaBG5LC6l01Vppxlp7FE3aTHpIG5phLg==
  dependencies:
    "@babel/runtime" "^7.13.10"
    "@emotion/cache" "^11.4.0"
    "@emotion/serialize" "^1.0.2"
    "@emotion/sheet" "^1.0.2"
    "@emotion/utils" "^1.0.0"
    "@emotion/weak-memoize" "^0.2.5"
    hoist-non-react-statics "^3.3.1"

"@emotion/serialize@^1.0.2":
  version "1.0.2"
  resolved "https://registry.yarnpkg.com/@emotion/serialize/-/serialize-1.0.2.tgz#77cb21a0571c9f68eb66087754a65fa97bfcd965"
  integrity sha512-95MgNJ9+/ajxU7QIAruiOAdYNjxZX7G2mhgrtDWswA21VviYIRP1R5QilZ/bDY42xiKsaktP4egJb3QdYQZi1A==
  dependencies:
    "@emotion/hash" "^0.8.0"
    "@emotion/memoize" "^0.7.4"
    "@emotion/unitless" "^0.7.5"
    "@emotion/utils" "^1.0.0"
    csstype "^3.0.2"

"@emotion/sheet@^1.0.0", "@emotion/sheet@^1.0.2":
  version "1.0.2"
  resolved "https://registry.yarnpkg.com/@emotion/sheet/-/sheet-1.0.2.tgz#1d9ffde531714ba28e62dac6a996a8b1089719d0"
  integrity sha512-QQPB1B70JEVUHuNtzjHftMGv6eC3Y9wqavyarj4x4lg47RACkeSfNo5pxIOKizwS9AEFLohsqoaxGQj4p0vSIw==

"@emotion/unitless@^0.7.5":
  version "0.7.5"
  resolved "https://registry.yarnpkg.com/@emotion/unitless/-/unitless-0.7.5.tgz#77211291c1900a700b8a78cfafda3160d76949ed"
  integrity sha512-OWORNpfjMsSSUBVrRBVGECkhWcULOAJz9ZW8uK9qgxD+87M7jHRcvh/A96XXNhXTLmKcoYSQtBEX7lHMO7YRwg==

"@emotion/utils@^1.0.0":
  version "1.0.0"
  resolved "https://registry.yarnpkg.com/@emotion/utils/-/utils-1.0.0.tgz#abe06a83160b10570816c913990245813a2fd6af"
  integrity sha512-mQC2b3XLDs6QCW+pDQDiyO/EdGZYOygE8s5N5rrzjSI4M3IejPE/JPndCBwRT9z982aqQNi6beWs1UeayrQxxA==

"@emotion/weak-memoize@^0.2.5":
  version "0.2.5"
  resolved "https://registry.yarnpkg.com/@emotion/weak-memoize/-/weak-memoize-0.2.5.tgz#8eed982e2ee6f7f4e44c253e12962980791efd46"
  integrity sha512-6U71C2Wp7r5XtFtQzYrW5iKFT67OixrSxjI4MptCHzdSVlgabczzqLe0ZSgnub/5Kp4hSbpDB1tMytZY9pwxxA==

"@guardian/src-accordion@^3.9.0":
  version "3.9.0"
  resolved "https://registry.yarnpkg.com/@guardian/src-accordion/-/src-accordion-3.9.0.tgz#ceeb2148766f9c9522266fe15f638eb3e3545e23"
  integrity sha512-FQPW7rVwAqDrrMtKJ4bDBwtwjZ4t7TLmr09ygOBzP8B92pptbCGQbM6D6oaMGrE0rVKYYRSfsjnbKv/qebDLig==
  dependencies:
    "@guardian/src-helpers" "^3.9.0"

"@guardian/src-brand@^3.9.0":
  version "3.9.0"
  resolved "https://registry.yarnpkg.com/@guardian/src-brand/-/src-brand-3.9.0.tgz#f90d7a68671d3d699107d2c8f7d550722925fc5c"
  integrity sha512-Ek/1BcUfyquhg99+kVAAenj7yS4Q5p6Q8mpSyNV8sl+PyIBVfCUSAA1Chi1pflEjxJH4PGtHlAM43MBaW18JyQ==

"@guardian/src-button@^3.9.0":
  version "3.9.0"
  resolved "https://registry.yarnpkg.com/@guardian/src-button/-/src-button-3.9.0.tgz#566a6d1b559c7bf6fed60fc7b6cb5a53b270246e"
  integrity sha512-8li8HJjAT0Yo07bDnSIulnLcDfo9U+zrEin60opMWt4viokDSndxDTH43n0h9590XxxKBpe94rSSHCaWhEecQg==
  dependencies:
    "@guardian/src-helpers" "^3.9.0"

"@guardian/src-checkbox@^3.9.0":
  version "3.9.0"
  resolved "https://registry.yarnpkg.com/@guardian/src-checkbox/-/src-checkbox-3.9.0.tgz#6d3752ac4b12cae929f1eaa936625a014a17751c"
  integrity sha512-PsZjORLuGWSALF7v5jB9ZHMFzfz7RqLrsN6711LOpbwoqFSYK5WgbNr5G1PshR8DJQ/JJU8CfGMCgC/crU1zxw==
  dependencies:
    "@guardian/src-helpers" "^3.9.0"
    "@guardian/src-label" "^3.9.0"
    "@guardian/src-user-feedback" "^3.9.0"

"@guardian/src-choice-card@^3.9.0":
  version "3.9.0"
  resolved "https://registry.yarnpkg.com/@guardian/src-choice-card/-/src-choice-card-3.9.0.tgz#18a46bdde49216becb76baaea72a78a31c86dc5b"
  integrity sha512-rHgO7Cfek+pL9tu5SFnTa5yMLNOwIZXZ7RumQXnlQKNfd7Ptt35d2KMQE8wH1nHWQX2fpVE1dqk6onlJMzMueA==
  dependencies:
    "@guardian/src-helpers" "^3.9.0"
    "@guardian/src-label" "^3.9.0"
    "@guardian/src-user-feedback" "^3.9.0"

"@guardian/src-footer@^3.9.0":
  version "3.9.0"
  resolved "https://registry.yarnpkg.com/@guardian/src-footer/-/src-footer-3.9.0.tgz#90b944e6bcca57b79ab16ae9d2bd912353518630"
  integrity sha512-Vza7cjn1S9PSDdiRUcTjgLlsO/NYB1TqBz2EX43QnbEBAc+b9GY5JK5E4yJe7J5nuQYcucHZpXMn4MMAIxGAIA==
  dependencies:
    "@guardian/src-helpers" "^3.9.0"

"@guardian/src-foundations@^3.9.0":
  version "3.9.0"
  resolved "https://registry.yarnpkg.com/@guardian/src-foundations/-/src-foundations-3.9.0.tgz#573cc294ff607698941f90e544826f598fd66fad"
  integrity sha512-jc0tA10MFeJ/mXKFSQngF9CAQIpZVvUD3GI/qWlMyRUttjEBsYlEbvFddqsTz2GdFZxrzyERSfIVunNQ8jTQgA==

"@guardian/src-helpers@^3.9.0":
  version "3.9.0"
  resolved "https://registry.yarnpkg.com/@guardian/src-helpers/-/src-helpers-3.9.0.tgz#257b8d158aac28177fcfc0a1a5379c41733ab273"
  integrity sha512-JjP31frx+E1cN8cajE8wC6eLxEFW0w8H5vOiPgXlYmSV0sWAtH4bqo/ohQBl+ra6RPYrReAbNDmMjJJ57m3lMQ==
  dependencies:
    "@guardian/src-foundations" "^3.9.0"
    mini-svg-data-uri "^1.3.3"

"@guardian/src-icons@^3.9.0":
  version "3.9.0"
  resolved "https://registry.yarnpkg.com/@guardian/src-icons/-/src-icons-3.9.0.tgz#2c1c8c3fc91ba7916371d1608bcd09b925ba17bd"
  integrity sha512-RlyU41mwRkXUdQSt7+JzXYaDXdqEady5/NiweFtunPeIXYGEoSe/5i6KPZdaIJ5vTnoRmglNYJhdMVbvzxfV2Q==

"@guardian/src-label@^3.9.0":
  version "3.9.0"
  resolved "https://registry.yarnpkg.com/@guardian/src-label/-/src-label-3.9.0.tgz#96585e3f9f6e116fecd77d9c5d2ce66225b25de4"
  integrity sha512-8J5nKuxbZmvs0Jd/URpM/EJXlzozrRvEghBAuRkpWsDXMMuJOYPxoGzVp8jw++ftDdblov0FW8/LHd/boMj7iw==
  dependencies:
    "@guardian/src-helpers" "^3.9.0"

"@guardian/src-layout@^3.9.0":
  version "3.9.0"
  resolved "https://registry.yarnpkg.com/@guardian/src-layout/-/src-layout-3.9.0.tgz#98712a5cd664822671acc6930363db42f29d848e"
  integrity sha512-HjbvucO+F2XDFBUegw31htrIc0OtzaJLcVROn3OtIutTfBfUhTyYriY9C8NkmUtNlZH2nI/53OPa0/AM4qq6mw==
  dependencies:
    "@guardian/src-helpers" "^3.9.0"

"@guardian/src-link@^3.9.0":
  version "3.9.0"
  resolved "https://registry.yarnpkg.com/@guardian/src-link/-/src-link-3.9.0.tgz#2fd9c406329e9421529dc65615fed20307c580af"
  integrity sha512-gWm64JUHtS2F0jVR2MP63aIb5F6HY0l9oayM/qdrf0tZ6XhsfuhyR5qX0KyeNKxwiU1nO8vrnxGFDmYg6lfxAw==
  dependencies:
    "@guardian/src-helpers" "^3.9.0"

"@guardian/src-radio@^3.9.0":
  version "3.9.0"
  resolved "https://registry.yarnpkg.com/@guardian/src-radio/-/src-radio-3.9.0.tgz#583580c76fd77ca3c488424938efc7d42250e17e"
  integrity sha512-ox8LM8l+iXZ0AKZ2tfO8kS3WtbK3gi7fJjEb5TwAPc7HQ4AxjqgUTjHK40cqKnmfxT2BJ518TGHvL2BJ4HyGTQ==
  dependencies:
    "@guardian/src-helpers" "^3.9.0"
    "@guardian/src-label" "^3.9.0"
    "@guardian/src-user-feedback" "^3.9.0"

"@guardian/src-select@^3.9.0":
  version "3.9.0"
  resolved "https://registry.yarnpkg.com/@guardian/src-select/-/src-select-3.9.0.tgz#257106d26bb449a53def4cd04c434bcebde05d8c"
  integrity sha512-Zze6LpkON6h93XeLEHJTxfS3XQvlm5iDekriu/FmLZWidJgsiYtCZnHV/v7bQHxEzm7QYfZZ3WK2k+zr1IX7CQ==
  dependencies:
    "@guardian/src-helpers" "^3.9.0"
    "@guardian/src-icons" "^3.9.0"
    "@guardian/src-label" "^3.9.0"
    "@guardian/src-user-feedback" "^3.9.0"

"@guardian/src-text-area@^3.9.0":
  version "3.9.0"
  resolved "https://registry.yarnpkg.com/@guardian/src-text-area/-/src-text-area-3.9.0.tgz#9c32f529ceb9fbdf6c62c7aaa893d0e20060cc45"
  integrity sha512-aJuLSPbV50/pjOA1Zo58VOaM6Q/0FQ3OyiiZAZIsuyjd3yFeNFDolezmqyyY4rg+705Ob0CFP8o8+Bhg2LtWzw==
  dependencies:
    "@guardian/src-helpers" "^3.9.0"
    "@guardian/src-user-feedback" "^3.9.0"

"@guardian/src-text-input@^3.9.0":
  version "3.9.0"
  resolved "https://registry.yarnpkg.com/@guardian/src-text-input/-/src-text-input-3.9.0.tgz#9f3d41c9aa22561e8bd76dbd2647ab9bc811d080"
  integrity sha512-qY6LXV03smrJ+R/nBTMnHhY3pf5dW5zyHhegvcVWQgrTl0C01W9lpO76TM0+qsx2J+Puiyv7qIJ8ZGPk1T9JXg==
  dependencies:
    "@guardian/src-helpers" "^3.9.0"
    "@guardian/src-label" "^3.9.0"
    "@guardian/src-user-feedback" "^3.9.0"

"@guardian/src-user-feedback@^3.9.0":
  version "3.9.0"
  resolved "https://registry.yarnpkg.com/@guardian/src-user-feedback/-/src-user-feedback-3.9.0.tgz#69fae5061f9c4bcb0c10912b383d6767442f9a73"
  integrity sha512-hCtUxLNTb1UEwUzkRwKU/uzriSVxDy6MgGQouyfsKBSEYRBzbdc1k7DFdDokmNWzndbK8Fcr546iow6goLw92A==
  dependencies:
    "@guardian/src-helpers" "^3.9.0"
    "@guardian/src-icons" "^3.9.0"

csstype@^3.0.2:
  version "3.0.9"
  resolved "https://registry.yarnpkg.com/csstype/-/csstype-3.0.9.tgz#6410af31b26bd0520933d02cbc64fce9ce3fbf0b"
  integrity sha512-rpw6JPxK6Rfg1zLOYCSwle2GFOOsnjmDYDaBwEcwoOg4qlsIVCN789VkBZDJAGi4T07gI4YSutR43t9Zz4Lzuw==

hoist-non-react-statics@^3.3.1:
  version "3.3.2"
  resolved "https://registry.yarnpkg.com/hoist-non-react-statics/-/hoist-non-react-statics-3.3.2.tgz#ece0acaf71d62c2969c2ec59feff42a4b1a85b45"
  integrity sha512-/gGivxi8JPKWNm/W0jSmzcMPpfpPLc3dY/6GxhX2hQ9iGj3aDfklV4ET7NjKpSinLpJ5vafa9iiGIEZg10SfBw==
  dependencies:
    react-is "^16.7.0"

"js-tokens@^3.0.0 || ^4.0.0":
  version "4.0.0"
  resolved "https://registry.yarnpkg.com/js-tokens/-/js-tokens-4.0.0.tgz#19203fb59991df98e3a287050d4647cdeaf32499"
  integrity sha512-RdJUflcE3cUzKiMqQgsCu06FPu9UdIJO0beYbPhHN4k6apgJtifcoCtT9bcxOpYBtpD2kCM6Sbzg4CausW/PKQ==

loose-envify@^1.1.0:
  version "1.4.0"
  resolved "https://registry.yarnpkg.com/loose-envify/-/loose-envify-1.4.0.tgz#71ee51fa7be4caec1a63839f7e682d8132d30caf"
  integrity sha512-lyuxPGr/Wfhrlem2CL/UcnUc1zcqKAImBDzukY7Y5F/yQiNdko6+fRLevlw1HgMySw7f611UIY408EtxRSoK3Q==
  dependencies:
    js-tokens "^3.0.0 || ^4.0.0"

mini-svg-data-uri@^1.3.3:
  version "1.3.3"
  resolved "https://registry.yarnpkg.com/mini-svg-data-uri/-/mini-svg-data-uri-1.3.3.tgz#91d2c09f45e056e5e1043340b8b37ba7b50f4fac"
  integrity sha512-+fA2oRcR1dJI/7ITmeQJDrYWks0wodlOz0pAEhKYJ2IVc1z0AnwJUsKY2fzFmPAM3Jo9J0rBx8JAA9QQSJ5PuA==

object-assign@^4.1.1:
  version "4.1.1"
  resolved "https://registry.yarnpkg.com/object-assign/-/object-assign-4.1.1.tgz#2109adc7965887cfc05cbbd442cac8bfbb360863"
  integrity sha1-IQmtx5ZYh8/AXLvUQsrIv7s2CGM=

react-dom@^17.0.2:
  version "17.0.2"
  resolved "https://registry.yarnpkg.com/react-dom/-/react-dom-17.0.2.tgz#ecffb6845e3ad8dbfcdc498f0d0a939736502c23"
  integrity sha512-s4h96KtLDUQlsENhMn1ar8t2bEa+q/YAtj8pPPdIjPDGBDIVNsrD9aXNWqspUe6AzKCIG0C1HZZLqLV7qpOBGA==
  dependencies:
    loose-envify "^1.1.0"
    object-assign "^4.1.1"
    scheduler "^0.20.2"

react-is@^16.7.0:
  version "16.13.1"
  resolved "https://registry.yarnpkg.com/react-is/-/react-is-16.13.1.tgz#789729a4dc36de2999dc156dd6c1d9c18cea56a4"
  integrity sha512-24e6ynE2H+OKt4kqsOvNd8kBpV65zoxbA4BVsEOB3ARVWQki/DHzaUoC5KuON/BiccDaCCTZBuOcfZs70kR8bQ==

react@^17.0.2:
  version "17.0.2"
  resolved "https://registry.yarnpkg.com/react/-/react-17.0.2.tgz#d0b5cc516d29eb3eee383f75b62864cfb6800037"
  integrity sha512-gnhPt75i/dq/z3/6q/0asP78D0u592D5L1pd7M8P+dck6Fu/jJeL6iVVK23fptSUZj8Vjf++7wXA8UNclGQcbA==
  dependencies:
    loose-envify "^1.1.0"
    object-assign "^4.1.1"

regenerator-runtime@^0.13.4:
  version "0.13.9"
  resolved "https://registry.yarnpkg.com/regenerator-runtime/-/regenerator-runtime-0.13.9.tgz#8925742a98ffd90814988d7566ad30ca3b263b52"
  integrity sha512-p3VT+cOEgxFsRRA9X4lkI1E+k2/CtnKtU4gcxyaCUreilL/vqI6CdZ3wxVUx3UOUg+gnUOQQcRI7BmSI656MYA==

scheduler@^0.20.2:
  version "0.20.2"
  resolved "https://registry.yarnpkg.com/scheduler/-/scheduler-0.20.2.tgz#4baee39436e34aa93b4874bddcbf0fe8b8b50e91"
  integrity sha512-2eWfGgAqqWFGqtdMmcL5zCMK1U8KlXv8SQFGglL3CEtd0aDVDWgeF/YoCmvln55m5zSk3J/20hTaSBeSObsQDQ==
  dependencies:
    loose-envify "^1.1.0"
    object-assign "^4.1.1"

stylis@^4.0.3:
  version "4.0.10"
  resolved "https://registry.yarnpkg.com/stylis/-/stylis-4.0.10.tgz#446512d1097197ab3f02fb3c258358c3f7a14240"
  integrity sha512-m3k+dk7QeJw660eIKRRn3xPF6uuvHs/FFzjX3HQ5ove0qYsiygoAhwn5a3IYKaZPo5LrYD0rfVmtv1gNY1uYwg==
